
Microsoft Visual Studio Solution File, Format Version 12.00
Project("{2150E333-8FDC-42A3-9474-1A3956D46DE8}") = "src", "src", "{22A7A214-F874-4838-9875-0BAC47976FC9}"
EndProject
Project("{FAE04EC0-301F-11D3-BF4B-00C04F79EFBC}") = "Template.WebAPI", "src\Template.WebAPI\Template.WebAPI.csproj", "{EBF2F46B-9B23-498B-8B3D-CD22F768FE06}"
EndProject
Project("{FAE04EC0-301F-11D3-BF4B-00C04F79EFBC}") = "Template.Business", "Template.Business\Template.Business.csproj", "{1353DBE3-AD9E-4661-8222-D3011F0C6071}"
EndProject
Project("{2150E333-8FDC-42A3-9474-1A3956D46DE8}") = "tests", "tests", "{D6A10DAB-69E4-46F5-9C9E-59E1027DEB7C}"
EndProject
Project("{FAE04EC0-301F-11D3-BF4B-00C04F79EFBC}") = "Template.Business.UnitTests", "Template.Business.UnitTests\Template.Business.UnitTests.csproj", "{D6001683-4014-43E2-99EB-6B550F61BAB9}"
EndProject
Global
	GlobalSection(SolutionConfigurationPlatforms) = preSolution
		Debug|Any CPU = Debug|Any CPU
		Release|Any CPU = Release|Any CPU
	EndGlobalSection
	GlobalSection(ProjectConfigurationPlatforms) = postSolution
		{EBF2F46B-9B23-498B-8B3D-CD22F768FE06}.Debug|Any CPU.ActiveCfg = Debug|Any CPU
		{EBF2F46B-9B23-498B-8B3D-CD22F768FE06}.Debug|Any CPU.Build.0 = Debug|Any CPU
		{EBF2F46B-9B23-498B-8B3D-CD22F768FE06}.Release|Any CPU.ActiveCfg = Release|Any CPU
		{EBF2F46B-9B23-498B-8B3D-CD22F768FE06}.Release|Any CPU.Build.0 = Release|Any CPU
		{1353DBE3-AD9E-4661-8222-D3011F0C6071}.Debug|Any CPU.ActiveCfg = Debug|Any CPU
		{1353DBE3-AD9E-4661-8222-D3011F0C6071}.Debug|Any CPU.Build.0 = Debug|Any CPU
		{1353DBE3-AD9E-4661-8222-D3011F0C6071}.Release|Any CPU.ActiveCfg = Release|Any CPU
		{1353DBE3-AD9E-4661-8222-D3011F0C6071}.Release|Any CPU.Build.0 = Release|Any CPU
		{D6001683-4014-43E2-99EB-6B550F61BAB9}.Debug|Any CPU.ActiveCfg = Debug|Any CPU
		{D6001683-4014-43E2-99EB-6B550F61BAB9}.Debug|Any CPU.Build.0 = Debug|Any CPU
		{D6001683-4014-43E2-99EB-6B550F61BAB9}.Release|Any CPU.ActiveCfg = Release|Any CPU
		{D6001683-4014-43E2-99EB-6B550F61BAB9}.Release|Any CPU.Build.0 = Release|Any CPU
	EndGlobalSection
	GlobalSection(NestedProjects) = preSolution
		{EBF2F46B-9B23-498B-8B3D-CD22F768FE06} = {22A7A214-F874-4838-9875-0BAC47976FC9}
		{1353DBE3-AD9E-4661-8222-D3011F0C6071} = {22A7A214-F874-4838-9875-0BAC47976FC9}
		{D6001683-4014-43E2-99EB-6B550F61BAB9} = {D6A10DAB-69E4-46F5-9C9E-59E1027DEB7C}
	EndGlobalSection
EndGlobal
